
Microsoft Visual Studio Solution File, Format Version 12.00
# Visual Studio Version 16
VisualStudioVersion = 16.0.30128.74
MinimumVisualStudioVersion = 10.0.40219.1
Project("{FAE04EC0-301F-11D3-BF4B-00C04F79EFBC}") = "vanilla pancakes (source control activity 4)", "vanilla pancakes (source control activity 4)\vanilla pancakes (source control activity 4).csproj", "{6ED34155-68C9-4723-8B98-9F640138654F}"
EndProject
Global
	GlobalSection(SolutionConfigurationPlatforms) = preSolution
		Debug|Any CPU = Debug|Any CPU
		Release|Any CPU = Release|Any CPU
	EndGlobalSection
	GlobalSection(ProjectConfigurationPlatforms) = postSolution
		{6ED34155-68C9-4723-8B98-9F640138654F}.Debug|Any CPU.ActiveCfg = Debug|Any CPU
		{6ED34155-68C9-4723-8B98-9F640138654F}.Debug|Any CPU.Build.0 = Debug|Any CPU
		{6ED34155-68C9-4723-8B98-9F640138654F}.Release|Any CPU.ActiveCfg = Release|Any CPU
		{6ED34155-68C9-4723-8B98-9F640138654F}.Release|Any CPU.Build.0 = Release|Any CPU
	EndGlobalSection
	GlobalSection(SolutionProperties) = preSolution
		HideSolutionNode = FALSE
	EndGlobalSection
	GlobalSection(ExtensibilityGlobals) = postSolution
		SolutionGuid = {712DBD08-3B3E-40CE-B37F-2CD03092ACF1}
	EndGlobalSection
EndGlobal
